{
  "name": "donan-m-analiz-",
  "version": "1.0.0",
  "lockfileVersion": 3,
  "requires": true,
  "packages": {
    "": {
      "name": "donan-m-analiz-",
      "version": "1.0.0",
      "license": "ISC"
    }
  }
}
<!-- Google tag (gtag.js) -->
<script async src="https://www.googletagmanager.com/gtag/js?id=G-5PHLPRVKBL"></script>
<script>
  window.dataLayer = window.dataLayer || [];
  function gtag(){dataLayer.push(arguments);}
  gtag('js', new Date());

  gtag('config', 'G-5PHLPRVKBL');
</script>
